// !$*UTF8*$!
{
	archiveVersion = 1;
	classes = {
	};
	objectVersion = 50;
	objects = {

/* Begin PBXBuildFile section */
		18E68A4D2810245E009AD2FF /* qualitymesures.cpp in Sources */ = {isa = PBXBuildFile; fileRef = 18E68A472810245E009AD2FF /* qualitymesures.cpp */; };
		18E68A4E2810245E009AD2FF /* main.cpp in Sources */ = {isa = PBXBuildFile; fileRef = 18E68A492810245E009AD2FF /* main.cpp */; };
		18E68A4F2810245E009AD2FF /* inpaint.cpp in Sources */ = {isa = PBXBuildFile; fileRef = 18E68A4A2810245E009AD2FF /* inpaint.cpp */; };
		18E68A502810245E009AD2FF /* nearestneighborfield.cpp in Sources */ = {isa = PBXBuildFile; fileRef = 18E68A4B2810245E009AD2FF /* nearestneighborfield.cpp */; };
		18E68A512810245E009AD2FF /* maskedimage.cpp in Sources */ = {isa = PBXBuildFile; fileRef = 18E68A4C2810245E009AD2FF /* maskedimage.cpp */; };
		18E68A5528102513009AD2FF /* libopencv_core.405.dylib in Frameworks */ = {isa = PBXBuildFile; fileRef = 18E68A5328102512009AD2FF /* libopencv_core.405.dylib */; };
		18E68A5628102513009AD2FF /* libopencv_imgproc.405.dylib in Frameworks */ = {isa = PBXBuildFile; fileRef = 18E68A5428102512009AD2FF /* libopencv_imgproc.405.dylib */; };
		18E68A5728102542009AD2FF /* libopencv_core.405.dylib in CopyFiles */ = {isa = PBXBuildFile; fileRef = 18E68A5328102512009AD2FF /* libopencv_core.405.dylib */; settings = {ATTRIBUTES = (CodeSignOnCopy, ); }; };
		18E68A5828102542009AD2FF /* libopencv_imgproc.405.dylib in CopyFiles */ = {isa = PBXBuildFile; fileRef = 18E68A5428102512009AD2FF /* libopencv_imgproc.405.dylib */; settings = {ATTRIBUTES = (CodeSignOnCopy, ); }; };
		18E68A622810264D009AD2FF /* libopencv_imgcodecs.405.dylib in Frameworks */ = {isa = PBXBuildFile; fileRef = 18E68A612810264D009AD2FF /* libopencv_imgcodecs.405.dylib */; };
		18E68A642810265E009AD2FF /* libopencv_imgcodecs.405.dylib in CopyFiles */ = {isa = PBXBuildFile; fileRef = 18E68A612810264D009AD2FF /* libopencv_imgcodecs.405.dylib */; settings = {ATTRIBUTES = (CodeSignOnCopy, ); }; };
/* End PBXBuildFile section */

/* Begin PBXContainerItemProxy section */
		1852F1F3280E9B4500D028C1 /* PBXContainerItemProxy */ = {
			isa = PBXContainerItemProxy;
			containerPortal = 1852F1EF280E9B4500D028C1 /* patchmatch.xcodeproj */;
			proxyType = 2;
			remoteGlobalIDString = 1852F1E0280E9A9A00D028C1;
			remoteInfo = patchmatch;
		};
/* End PBXContainerItemProxy section */

/* Begin PBXCopyFilesBuildPhase section */
		187149AE27F7DB390053B90C /* CopyFiles */ = {
			isa = PBXCopyFilesBuildPhase;
			buildActionMask = 12;
			dstPath = "";
			dstSubfolderSpec = 6;
			files = (
				18E68A642810265E009AD2FF /* libopencv_imgcodecs.405.dylib in CopyFiles */,
				18E68A5728102542009AD2FF /* libopencv_core.405.dylib in CopyFiles */,
				18E68A5828102542009AD2FF /* libopencv_imgproc.405.dylib in CopyFiles */,
			);
			runOnlyForDeploymentPostprocessing = 0;
		};
/* End PBXCopyFilesBuildPhase section */

/* Begin PBXFileReference section */
		1852F1EF280E9B4500D028C1 /* patchmatch.xcodeproj */ = {isa = PBXFileReference; lastKnownFileType = "wrapper.pb-project"; path = patchmatch.xcodeproj; sourceTree = "<group>"; };
		187149B027F7DB390053B90C /* inpaint */ = {isa = PBXFileReference; explicitFileType = "compiled.mach-o.executable"; includeInIndex = 0; path = inpaint; sourceTree = BUILT_PRODUCTS_DIR; };
		18E68A472810245E009AD2FF /* qualitymesures.cpp */ = {isa = PBXFileReference; fileEncoding = 4; lastKnownFileType = sourcecode.cpp.cpp; name = qualitymesures.cpp; path = ../src/qualitymesures.cpp; sourceTree = "<group>"; };
		18E68A492810245E009AD2FF /* main.cpp */ = {isa = PBXFileReference; fileEncoding = 4; lastKnownFileType = sourcecode.cpp.cpp; name = main.cpp; path = ../src/main.cpp; sourceTree = "<group>"; };
		18E68A4A2810245E009AD2FF /* inpaint.cpp */ = {isa = PBXFileReference; fileEncoding = 4; lastKnownFileType = sourcecode.cpp.cpp; name = inpaint.cpp; path = ../src/inpaint.cpp; sourceTree = "<group>"; };
		18E68A4B2810245E009AD2FF /* nearestneighborfield.cpp */ = {isa = PBXFileReference; fileEncoding = 4; lastKnownFileType = sourcecode.cpp.cpp; name = nearestneighborfield.cpp; path = ../src/nearestneighborfield.cpp; sourceTree = "<group>"; };
		18E68A4C2810245E009AD2FF /* maskedimage.cpp */ = {isa = PBXFileReference; fileEncoding = 4; lastKnownFileType = sourcecode.cpp.cpp; name = maskedimage.cpp; path = ../src/maskedimage.cpp; sourceTree = "<group>"; };
		18E68A5328102512009AD2FF /* libopencv_core.405.dylib */ = {isa = PBXFileReference; lastKnownFileType = "compiled.mach-o.dylib"; name = libopencv_core.405.dylib; path = ../../../opencv/lib/libopencv_core.405.dylib; sourceTree = "<group>"; };
		18E68A5428102512009AD2FF /* libopencv_imgproc.405.dylib */ = {isa = PBXFileReference; lastKnownFileType = "compiled.mach-o.dylib"; name = libopencv_imgproc.405.dylib; path = ../../../opencv/lib/libopencv_imgproc.405.dylib; sourceTree = "<group>"; };
		18E68A5A281025ED009AD2FF /* inpaint.h */ = {isa = PBXFileReference; fileEncoding = 4; lastKnownFileType = sourcecode.c.h; name = inpaint.h; path = ../include/inpaint.h; sourceTree = "<group>"; };
		18E68A5B281025ED009AD2FF /* maskedimage.h */ = {isa = PBXFileReference; fileEncoding = 4; lastKnownFileType = sourcecode.c.h; name = maskedimage.h; path = ../include/maskedimage.h; sourceTree = "<group>"; };
		18E68A5C281025ED009AD2FF /* structdef.h */ = {isa = PBXFileReference; fileEncoding = 4; lastKnownFileType = sourcecode.c.h; name = structdef.h; path = ../include/structdef.h; sourceTree = "<group>"; };
		18E68A5D281025ED009AD2FF /* qualitymesures.h */ = {isa = PBXFileReference; fileEncoding = 4; lastKnownFileType = sourcecode.c.h; name = qualitymesures.h; path = ../include/qualitymesures.h; sourceTree = "<group>"; };
		18E68A5E281025ED009AD2FF /* defineall.h */ = {isa = PBXFileReference; fileEncoding = 4; lastKnownFileType = sourcecode.c.h; name = defineall.h; path = ../include/defineall.h; sourceTree = "<group>"; };
		18E68A5F281025ED009AD2FF /* nearestneighborfield.h */ = {isa = PBXFileReference; fileEncoding = 4; lastKnownFileType = sourcecode.c.h; name = nearestneighborfield.h; path = ../include/nearestneighborfield.h; sourceTree = "<group>"; };
		18E68A612810264D009AD2FF /* libopencv_imgcodecs.405.dylib */ = {isa = PBXFileReference; lastKnownFileType = "compiled.mach-o.dylib"; name = libopencv_imgcodecs.405.dylib; path = ../../../opencv/lib/libopencv_imgcodecs.405.dylib; sourceTree = "<group>"; };
/* End PBXFileReference section */

/* Begin PBXFrameworksBuildPhase section */
		187149AD27F7DB390053B90C /* Frameworks */ = {
			isa = PBXFrameworksBuildPhase;
			buildActionMask = 2147483647;
			files = (
				18E68A622810264D009AD2FF /* libopencv_imgcodecs.405.dylib in Frameworks */,
				18E68A5528102513009AD2FF /* libopencv_core.405.dylib in Frameworks */,
				18E68A5628102513009AD2FF /* libopencv_imgproc.405.dylib in Frameworks */,
			);
			runOnlyForDeploymentPostprocessing = 0;
		};
/* End PBXFrameworksBuildPhase section */

/* Begin PBXGroup section */
		1852F1F0280E9B4500D028C1 /* Products */ = {
			isa = PBXGroup;
			children = (
				1852F1F4280E9B4500D028C1 /* libpatchmatch.dylib */,
			);
			name = Products;
			sourceTree = "<group>";
		};
		187149A727F7DB390053B90C = {
			isa = PBXGroup;
			children = (
				18E68A5E281025ED009AD2FF /* defineall.h */,
				18E68A5A281025ED009AD2FF /* inpaint.h */,
				18E68A5B281025ED009AD2FF /* maskedimage.h */,
				18E68A5F281025ED009AD2FF /* nearestneighborfield.h */,
				18E68A5D281025ED009AD2FF /* qualitymesures.h */,
				18E68A5C281025ED009AD2FF /* structdef.h */,
				18E68A4A2810245E009AD2FF /* inpaint.cpp */,
				18E68A492810245E009AD2FF /* main.cpp */,
				18E68A4C2810245E009AD2FF /* maskedimage.cpp */,
				18E68A4B2810245E009AD2FF /* nearestneighborfield.cpp */,
				18E68A472810245E009AD2FF /* qualitymesures.cpp */,
				1852F1EF280E9B4500D028C1 /* patchmatch.xcodeproj */,
				187149B127F7DB390053B90C /* Products */,
				187149CF27F7DF900053B90C /* Frameworks */,
			);
			sourceTree = "<group>";
		};
		187149B127F7DB390053B90C /* Products */ = {
			isa = PBXGroup;
			children = (
				187149B027F7DB390053B90C /* inpaint */,
			);
			name = Products;
			sourceTree = "<group>";
		};
		187149CF27F7DF900053B90C /* Frameworks */ = {
			isa = PBXGroup;
			children = (
				18E68A612810264D009AD2FF /* libopencv_imgcodecs.405.dylib */,
				18E68A5328102512009AD2FF /* libopencv_core.405.dylib */,
				18E68A5428102512009AD2FF /* libopencv_imgproc.405.dylib */,
			);
			name = Frameworks;
			sourceTree = "<group>";
		};
/* End PBXGroup section */

/* Begin PBXNativeTarget section */
		187149AF27F7DB390053B90C /* inpaint */ = {
			isa = PBXNativeTarget;
			buildConfigurationList = 187149B727F7DB390053B90C /* Build configuration list for PBXNativeTarget "inpaint" */;
			buildPhases = (
				187149AC27F7DB390053B90C /* Sources */,
				187149AD27F7DB390053B90C /* Frameworks */,
				187149AE27F7DB390053B90C /* CopyFiles */,
			);
			buildRules = (
			);
			dependencies = (
			);
			name = inpaint;
			productName = inpaint;
			productReference = 187149B027F7DB390053B90C /* inpaint */;
			productType = "com.apple.product-type.tool";
		};
/* End PBXNativeTarget section */

/* Begin PBXProject section */
		187149A827F7DB390053B90C /* Project object */ = {
			isa = PBXProject;
			attributes = {
				LastUpgradeCheck = 1220;
				TargetAttributes = {
					187149AF27F7DB390053B90C = {
						CreatedOnToolsVersion = 12.2;
					};
				};
			};
			buildConfigurationList = 187149AB27F7DB390053B90C /* Build configuration list for PBXProject "inpaint" */;
			compatibilityVersion = "Xcode 9.3";
			developmentRegion = en;
			hasScannedForEncodings = 0;
			knownRegions = (
				en,
				Base,
			);
			mainGroup = 187149A727F7DB390053B90C;
			productRefGroup = 187149B127F7DB390053B90C /* Products */;
			projectDirPath = "";
			projectReferences = (
				{
					ProductGroup = 1852F1F0280E9B4500D028C1 /* Products */;
					ProjectRef = 1852F1EF280E9B4500D028C1 /* patchmatch.xcodeproj */;
				},
			);
			projectRoot = "";
			targets = (
				187149AF27F7DB390053B90C /* inpaint */,
			);
		};
/* End PBXProject section */

/* Begin PBXReferenceProxy section */
		1852F1F4280E9B4500D028C1 /* libpatchmatch.dylib */ = {
			isa = PBXReferenceProxy;
			fileType = "compiled.mach-o.dylib";
			path = libpatchmatch.dylib;
			remoteRef = 1852F1F3280E9B4500D028C1 /* PBXContainerItemProxy */;
			sourceTree = BUILT_PRODUCTS_DIR;
		};
/* End PBXReferenceProxy section */

/* Begin PBXSourcesBuildPhase section */
		187149AC27F7DB390053B90C /* Sources */ = {
			isa = PBXSourcesBuildPhase;
			buildActionMask = 2147483647;
			files = (
				18E68A512810245E009AD2FF /* maskedimage.cpp in Sources */,
				18E68A4E2810245E009AD2FF /* main.cpp in Sources */,
				18E68A4D2810245E009AD2FF /* qualitymesures.cpp in Sources */,
				18E68A502810245E009AD2FF /* nearestneighborfield.cpp in Sources */,
				18E68A4F2810245E009AD2FF /* inpaint.cpp in Sources */,
			);
			runOnlyForDeploymentPostprocessing = 0;
		};
/* End PBXSourcesBuildPhase section */

/* Begin XCBuildConfiguration section */
		187149B527F7DB390053B90C /* Debug */ = {
			isa = XCBuildConfiguration;
			buildSettings = {
				ALWAYS_SEARCH_USER_PATHS = NO;
				CLANG_ANALYZER_NONNULL = YES;
				CLANG_ANALYZER_NUMBER_OBJECT_CONVERSION = YES_AGGRESSIVE;
				CLANG_CXX_LANGUAGE_STANDARD = "gnu++14";
				CLANG_CXX_LIBRARY = "libc++";
				CLANG_ENABLE_MODULES = YES;
				CLANG_ENABLE_OBJC_ARC = YES;
				CLANG_ENABLE_OBJC_WEAK = YES;
				CLANG_WARN_BLOCK_CAPTURE_AUTORELEASING = YES;
				CLANG_WARN_BOOL_CONVERSION = YES;
				CLANG_WARN_COMMA = YES;
				CLANG_WARN_CONSTANT_CONVERSION = YES;
				CLANG_WARN_DEPRECATED_OBJC_IMPLEMENTATIONS = YES;
				CLANG_WARN_DIRECT_OBJC_ISA_USAGE = YES_ERROR;
				CLANG_WARN_DOCUMENTATION_COMMENTS = YES;
				CLANG_WARN_EMPTY_BODY = YES;
				CLANG_WARN_ENUM_CONVERSION = YES;
				CLANG_WARN_INFINITE_RECURSION = YES;
				CLANG_WARN_INT_CONVERSION = YES;
				CLANG_WARN_NON_LITERAL_NULL_CONVERSION = YES;
				CLANG_WARN_OBJC_IMPLICIT_RETAIN_SELF = YES;
				CLANG_WARN_OBJC_LITERAL_CONVERSION = YES;
				CLANG_WARN_OBJC_ROOT_CLASS = YES_ERROR;
				CLANG_WARN_QUOTED_INCLUDE_IN_FRAMEWORK_HEADER = YES;
				CLANG_WARN_RANGE_LOOP_ANALYSIS = YES;
				CLANG_WARN_STRICT_PROTOTYPES = YES;
				CLANG_WARN_SUSPICIOUS_MOVE = YES;
				CLANG_WARN_UNGUARDED_AVAILABILITY = YES_AGGRESSIVE;
				CLANG_WARN_UNREACHABLE_CODE = YES;
				CLANG_WARN__DUPLICATE_METHOD_MATCH = YES;
				COPY_PHASE_STRIP = NO;
				DEBUG_INFORMATION_FORMAT = dwarf;
				ENABLE_STRICT_OBJC_MSGSEND = YES;
				ENABLE_TESTABILITY = YES;
				GCC_C_LANGUAGE_STANDARD = gnu11;
				GCC_DYNAMIC_NO_PIC = NO;
				GCC_NO_COMMON_BLOCKS = YES;
				GCC_OPTIMIZATION_LEVEL = 0;
				GCC_PREPROCESSOR_DEFINITIONS = (
					"DEBUG=1",
					"$(inherited)",
				);
				GCC_WARN_64_TO_32_BIT_CONVERSION = YES;
				GCC_WARN_ABOUT_RETURN_TYPE = YES_ERROR;
				GCC_WARN_UNDECLARED_SELECTOR = YES;
				GCC_WARN_UNINITIALIZED_AUTOS = YES_AGGRESSIVE;
				GCC_WARN_UNUSED_FUNCTION = YES;
				GCC_WARN_UNUSED_VARIABLE = YES;
				MACOSX_DEPLOYMENT_TARGET = 10.11;
				MTL_ENABLE_DEBUG_INFO = INCLUDE_SOURCE;
				MTL_FAST_MATH = YES;
				ONLY_ACTIVE_ARCH = YES;
				SDKROOT = macosx;
			};
			name = Debug;
		};
		187149B627F7DB390053B90C /* Release */ = {
			isa = XCBuildConfiguration;
			buildSettings = {
				ALWAYS_SEARCH_USER_PATHS = NO;
				CLANG_ANALYZER_NONNULL = YES;
				CLANG_ANALYZER_NUMBER_OBJECT_CONVERSION = YES_AGGRESSIVE;
				CLANG_CXX_LANGUAGE_STANDARD = "gnu++14";
				CLANG_CXX_LIBRARY = "libc++";
				CLANG_ENABLE_MODULES = YES;
				CLANG_ENABLE_OBJC_ARC = YES;
				CLANG_ENABLE_OBJC_WEAK = YES;
				CLANG_WARN_BLOCK_CAPTURE_AUTORELEASING = YES;
				CLANG_WARN_BOOL_CONVERSION = YES;
				CLANG_WARN_COMMA = YES;
				CLANG_WARN_CONSTANT_CONVERSION = YES;
				CLANG_WARN_DEPRECATED_OBJC_IMPLEMENTATIONS = YES;
				CLANG_WARN_DIRECT_OBJC_ISA_USAGE = YES_ERROR;
				CLANG_WARN_DOCUMENTATION_COMMENTS = YES;
				CLANG_WARN_EMPTY_BODY = YES;
				CLANG_WARN_ENUM_CONVERSION = YES;
				CLANG_WARN_INFINITE_RECURSION = YES;
				CLANG_WARN_INT_CONVERSION = YES;
				CLANG_WARN_NON_LITERAL_NULL_CONVERSION = YES;
				CLANG_WARN_OBJC_IMPLICIT_RETAIN_SELF = YES;
				CLANG_WARN_OBJC_LITERAL_CONVERSION = YES;
				CLANG_WARN_OBJC_ROOT_CLASS = YES_ERROR;
				CLANG_WARN_QUOTED_INCLUDE_IN_FRAMEWORK_HEADER = YES;
				CLANG_WARN_RANGE_LOOP_ANALYSIS = YES;
				CLANG_WARN_STRICT_PROTOTYPES = YES;
				CLANG_WARN_SUSPICIOUS_MOVE = YES;
				CLANG_WARN_UNGUARDED_AVAILABILITY = YES_AGGRESSIVE;
				CLANG_WARN_UNREACHABLE_CODE = YES;
				CLANG_WARN__DUPLICATE_METHOD_MATCH = YES;
				COPY_PHASE_STRIP = NO;
				DEBUG_INFORMATION_FORMAT = "dwarf-with-dsym";
				ENABLE_NS_ASSERTIONS = NO;
				ENABLE_STRICT_OBJC_MSGSEND = YES;
				GCC_C_LANGUAGE_STANDARD = gnu11;
				GCC_NO_COMMON_BLOCKS = YES;
				GCC_WARN_64_TO_32_BIT_CONVERSION = YES;
				GCC_WARN_ABOUT_RETURN_TYPE = YES_ERROR;
				GCC_WARN_UNDECLARED_SELECTOR = YES;
				GCC_WARN_UNINITIALIZED_AUTOS = YES_AGGRESSIVE;
				GCC_WARN_UNUSED_FUNCTION = YES;
				GCC_WARN_UNUSED_VARIABLE = YES;
				MACOSX_DEPLOYMENT_TARGET = 10.11;
				MTL_ENABLE_DEBUG_INFO = NO;
				MTL_FAST_MATH = YES;
				SDKROOT = macosx;
			};
			name = Release;
		};
		187149B827F7DB390053B90C /* Debug */ = {
			isa = XCBuildConfiguration;
			buildSettings = {
				CODE_SIGN_STYLE = Automatic;
				FRAMEWORK_SEARCH_PATHS = ../../;
				HEADER_SEARCH_PATHS = "$(PROJECT_DIR)/../../../opencv/include";
				LD_RUNPATH_SEARCH_PATHS = (
					"@executable_path",
					"@loader_path/../Frameworks",
				);
				LIBRARY_SEARCH_PATHS = "$(PROJECT_DIR)/../../../opencv/lib";
				PRODUCT_NAME = "$(TARGET_NAME)";
				SYSTEM_FRAMEWORK_SEARCH_PATHS = ../../;
			};
			name = Debug;
		};
		187149B927F7DB390053B90C /* Release */ = {
			isa = XCBuildConfiguration;
			buildSettings = {
				CODE_SIGN_STYLE = Automatic;
				FRAMEWORK_SEARCH_PATHS = ../../;
				HEADER_SEARCH_PATHS = "$(PROJECT_DIR)/../../../opencv/include";
				LD_RUNPATH_SEARCH_PATHS = (
					"@executable_path",
					"@loader_path/../Frameworks",
				);
				LIBRARY_SEARCH_PATHS = "$(PROJECT_DIR)/../../../opencv/lib";
				ONLY_ACTIVE_ARCH = YES;
				PRODUCT_NAME = "$(TARGET_NAME)";
				SYSTEM_FRAMEWORK_SEARCH_PATHS = ../../;
			};
			name = Release;
		};
/* End XCBuildConfiguration section */

/* Begin XCConfigurationList section */
		187149AB27F7DB390053B90C /* Build configuration list for PBXProject "inpaint" */ = {
			isa = XCConfigurationList;
			buildConfigurations = (
				187149B527F7DB390053B90C /* Debug */,
				187149B627F7DB390053B90C /* Release */,
			);
			defaultConfigurationIsVisible = 0;
			defaultConfigurationName = Release;
		};
		187149B727F7DB390053B90C /* Build configuration list for PBXNativeTarget "inpaint" */ = {
			isa = XCConfigurationList;
			buildConfigurations = (
				187149B827F7DB390053B90C /* Debug */,
				187149B927F7DB390053B90C /* Release */,
			);
			defaultConfigurationIsVisible = 0;
			defaultConfigurationName = Release;
		};
/* End XCConfigurationList section */
	};
	rootObject = 187149A827F7DB390053B90C /* Project object */;
}
