// !$*UTF8*$!
{
	archiveVersion = 1;
	classes = {
	};
	objectVersion = 42;
	objects = {

/* Begin PBXBuildFile section */
		8D5B49B4048680CD000E48DA /* Cocoa.framework in Frameworks */ = {isa = PBXBuildFile; fileRef = 1058C7ADFEA557BF11CA2CBB /* Cocoa.framework */; };
		A831E1410789471D0009080F /* Localizable.strings in Resources */ = {isa = PBXBuildFile; fileRef = A831E13F0789471D0009080F /* Localizable.strings */; };
		A861D2990BF2B9BC0015E71C /* RandomClass.m in Sources */ = {isa = PBXBuildFile; fileRef = A861D2980BF2B9BC0015E71C /* RandomClass.m */; };
		A89F8D5A0C377C830029C269 /* Rects.m in Sources */ = {isa = PBXBuildFile; fileRef = A89F8D590C377C830029C269 /* Rects.m */; };
/* End PBXBuildFile section */

/* Begin PBXFileReference section */
		089C1672FE841209C02AAC07 /* Foundation.framework */ = {isa = PBXFileReference; lastKnownFileType = wrapper.framework; name = Foundation.framework; path = /System/Library/Frameworks/Foundation.framework; sourceTree = "<absolute>"; };
		089C167FFE841241C02AAC07 /* AppKit.framework */ = {isa = PBXFileReference; lastKnownFileType = wrapper.framework; name = AppKit.framework; path = /System/Library/Frameworks/AppKit.framework; sourceTree = "<absolute>"; };
		1058C7ADFEA557BF11CA2CBB /* Cocoa.framework */ = {isa = PBXFileReference; lastKnownFileType = wrapper.framework; name = Cocoa.framework; path = /System/Library/Frameworks/Cocoa.framework; sourceTree = "<absolute>"; };
		8D5B49B6048680CD000E48DA /* Random.bundle */ = {isa = PBXFileReference; explicitFileType = wrapper.cfbundle; includeInIndex = 0; path = Random.bundle; sourceTree = BUILT_PRODUCTS_DIR; };
		8D5B49B7048680CD000E48DA /* Info.plist */ = {isa = PBXFileReference; fileEncoding = 4; lastKnownFileType = text.plist.xml; path = Info.plist; sourceTree = "<group>"; };
		A831E1400789471D0009080F /* English */ = {isa = PBXFileReference; fileEncoding = 4; lastKnownFileType = text.plist.strings; name = English; path = English.lproj/Localizable.strings; sourceTree = "<group>"; };
		A861D2970BF2B9BC0015E71C /* RandomClass.h */ = {isa = PBXFileReference; fileEncoding = 30; lastKnownFileType = sourcecode.c.h; path = RandomClass.h; sourceTree = "<group>"; };
		A861D2980BF2B9BC0015E71C /* RandomClass.m */ = {isa = PBXFileReference; fileEncoding = 30; lastKnownFileType = sourcecode.c.objc; path = RandomClass.m; sourceTree = "<group>"; };
		A89F8D580C377C830029C269 /* Rects.h */ = {isa = PBXFileReference; fileEncoding = 30; lastKnownFileType = sourcecode.c.h; name = Rects.h; path = ../Common/Rects.h; sourceTree = SOURCE_ROOT; };
		A89F8D590C377C830029C269 /* Rects.m */ = {isa = PBXFileReference; fileEncoding = 30; lastKnownFileType = sourcecode.c.objc; name = Rects.m; path = ../Common/Rects.m; sourceTree = SOURCE_ROOT; };
		A89F8D5B0C377C880029C269 /* PSPlugins.h */ = {isa = PBXFileReference; fileEncoding = 30; lastKnownFileType = sourcecode.c.h; name = PSPlugins.h; path = ../Common/PSPlugins.h; sourceTree = SOURCE_ROOT; };
		A89F8D5C0C377C8D0029C269 /* PluginData.h */ = {isa = PBXFileReference; fileEncoding = 30; lastKnownFileType = sourcecode.c.h; name = PluginData.h; path = ../Common/PluginData.h; sourceTree = SOURCE_ROOT; };
/* End PBXFileReference section */

/* Begin PBXFrameworksBuildPhase section */
		8D5B49B3048680CD000E48DA /* Frameworks */ = {
			isa = PBXFrameworksBuildPhase;
			buildActionMask = 2147483647;
			files = (
				8D5B49B4048680CD000E48DA /* Cocoa.framework in Frameworks */,
			);
			runOnlyForDeploymentPostprocessing = 0;
		};
/* End PBXFrameworksBuildPhase section */

/* Begin PBXGroup section */
		089C166AFE841209C02AAC07 /* Invert */ = {
			isa = PBXGroup;
			children = (
				08FB77AFFE84173DC02AAC07 /* Classes */,
				089C167CFE841241C02AAC07 /* Resources */,
				089C1671FE841209C02AAC07 /* Frameworks and Libraries */,
				19C28FB8FE9D52D311CA2CBB /* Products */,
			);
			name = Invert;
			sourceTree = "<group>";
		};
		089C1671FE841209C02AAC07 /* Frameworks and Libraries */ = {
			isa = PBXGroup;
			children = (
				1058C7ACFEA557BF11CA2CBB /* Linked Frameworks */,
				1058C7AEFEA557BF11CA2CBB /* Other Frameworks */,
			);
			name = "Frameworks and Libraries";
			sourceTree = "<group>";
		};
		089C167CFE841241C02AAC07 /* Resources */ = {
			isa = PBXGroup;
			children = (
				8D5B49B7048680CD000E48DA /* Info.plist */,
				A831E13F0789471D0009080F /* Localizable.strings */,
			);
			name = Resources;
			sourceTree = "<group>";
		};
		08FB77AFFE84173DC02AAC07 /* Classes */ = {
			isa = PBXGroup;
			children = (
				A89F8D580C377C830029C269 /* Rects.h */,
				A89F8D590C377C830029C269 /* Rects.m */,
				A89F8D5B0C377C880029C269 /* PSPlugins.h */,
				A89F8D5C0C377C8D0029C269 /* PluginData.h */,
				A861D2970BF2B9BC0015E71C /* RandomClass.h */,
				A861D2980BF2B9BC0015E71C /* RandomClass.m */,
			);
			name = Classes;
			sourceTree = "<group>";
		};
		1058C7ACFEA557BF11CA2CBB /* Linked Frameworks */ = {
			isa = PBXGroup;
			children = (
				1058C7ADFEA557BF11CA2CBB /* Cocoa.framework */,
			);
			name = "Linked Frameworks";
			sourceTree = "<group>";
		};
		1058C7AEFEA557BF11CA2CBB /* Other Frameworks */ = {
			isa = PBXGroup;
			children = (
				089C1672FE841209C02AAC07 /* Foundation.framework */,
				089C167FFE841241C02AAC07 /* AppKit.framework */,
			);
			name = "Other Frameworks";
			sourceTree = "<group>";
		};
		19C28FB8FE9D52D311CA2CBB /* Products */ = {
			isa = PBXGroup;
			children = (
				8D5B49B6048680CD000E48DA /* Random.bundle */,
			);
			name = Products;
			sourceTree = "<group>";
		};
/* End PBXGroup section */

/* Begin PBXNativeTarget section */
		8D5B49AC048680CD000E48DA /* Random */ = {
			isa = PBXNativeTarget;
			buildConfigurationList = A893C29509BD8F17000B6D38 /* Build configuration list for PBXNativeTarget "Random" */;
			buildPhases = (
				8D5B49AF048680CD000E48DA /* Resources */,
				8D5B49B1048680CD000E48DA /* Sources */,
				8D5B49B3048680CD000E48DA /* Frameworks */,
			);
			buildRules = (
			);
			dependencies = (
			);
			name = Random;
			productInstallPath = "$(HOME)/Library/Bundles";
			productName = Invert;
			productReference = 8D5B49B6048680CD000E48DA /* Random.bundle */;
			productType = "com.apple.product-type.bundle";
		};
/* End PBXNativeTarget section */

/* Begin PBXProject section */
		089C1669FE841209C02AAC07 /* Project object */ = {
			isa = PBXProject;
			attributes = {
			};
			buildConfigurationList = A893C29909BD8F17000B6D38 /* Build configuration list for PBXProject "Random" */;
			compatibilityVersion = "Xcode 2.4";
			developmentRegion = English;
			hasScannedForEncodings = 1;
			knownRegions = (
				en,
			);
			mainGroup = 089C166AFE841209C02AAC07 /* Invert */;
			projectDirPath = "";
			projectRoot = "";
			targets = (
				8D5B49AC048680CD000E48DA /* Random */,
			);
		};
/* End PBXProject section */

/* Begin PBXResourcesBuildPhase section */
		8D5B49AF048680CD000E48DA /* Resources */ = {
			isa = PBXResourcesBuildPhase;
			buildActionMask = 2147483647;
			files = (
				A831E1410789471D0009080F /* Localizable.strings in Resources */,
			);
			runOnlyForDeploymentPostprocessing = 0;
		};
/* End PBXResourcesBuildPhase section */

/* Begin PBXSourcesBuildPhase section */
		8D5B49B1048680CD000E48DA /* Sources */ = {
			isa = PBXSourcesBuildPhase;
			buildActionMask = 2147483647;
			files = (
				A861D2990BF2B9BC0015E71C /* RandomClass.m in Sources */,
				A89F8D5A0C377C830029C269 /* Rects.m in Sources */,
			);
			runOnlyForDeploymentPostprocessing = 0;
		};
/* End PBXSourcesBuildPhase section */

/* Begin PBXVariantGroup section */
		A831E13F0789471D0009080F /* Localizable.strings */ = {
			isa = PBXVariantGroup;
			children = (
				A831E1400789471D0009080F /* English */,
			);
			name = Localizable.strings;
			sourceTree = "<group>";
		};
/* End PBXVariantGroup section */

/* Begin XCBuildConfiguration section */
		A893C29609BD8F17000B6D38 /* Debug */ = {
			isa = XCBuildConfiguration;
			buildSettings = {
				ARCHS = "$(ARCHS_STANDARD)";
				COPY_PHASE_STRIP = NO;
				GCC_ENABLE_FIX_AND_CONTINUE = YES;
				GCC_GENERATE_DEBUGGING_SYMBOLS = YES;
				GCC_OPTIMIZATION_LEVEL = 0;
				GCC_PREPROCESSOR_DEFINITIONS = DEBUG;
				GCC_VERSION = "";
				GCC_VERSION_ppc = 4.0;
				INFOPLIST_FILE = Info.plist;
				INSTALL_PATH = "$(HOME)/Library/Bundles";
				OTHER_CFLAGS = "-std=gnu89";
				PREBINDING = NO;
				PRODUCT_NAME = Random;
				SKIP_INSTALL = YES;
				VALID_ARCHS = x86_64;
				WRAPPER_EXTENSION = bundle;
				ZERO_LINK = YES;
			};
			name = Debug;
		};
		A893C29709BD8F17000B6D38 /* Release */ = {
			isa = XCBuildConfiguration;
			buildSettings = {
				ARCHS = "$(ARCHS_STANDARD)";
				GCC_AUTO_VECTORIZATION = YES;
				GCC_GENERATE_DEBUGGING_SYMBOLS = NO;
				GCC_OPTIMIZATION_LEVEL = 3;
				GCC_VERSION = "";
				GCC_VERSION_ppc = 4.0;
				INFOPLIST_FILE = Info.plist;
				INSTALL_PATH = "$(HOME)/Library/Bundles";
				OTHER_CFLAGS = "-std=gnu89";
				PREBINDING = NO;
				PRODUCT_NAME = Random;
				SKIP_INSTALL = YES;
				VALID_ARCHS = x86_64;
				WRAPPER_EXTENSION = bundle;
			};
			name = Release;
		};
		A893C29A09BD8F17000B6D38 /* Debug */ = {
			isa = XCBuildConfiguration;
			buildSettings = {
				ARCHS = "$(ARCHS_STANDARD)";
				MACOSX_DEPLOYMENT_TARGET = 10.6;
				SDKROOT = macosx;
				VALID_ARCHS = x86_64;
			};
			name = Debug;
		};
		A893C29B09BD8F17000B6D38 /* Release */ = {
			isa = XCBuildConfiguration;
			buildSettings = {
				ARCHS = "$(ARCHS_STANDARD)";
				MACOSX_DEPLOYMENT_TARGET = 10.6;
				SDKROOT = macosx;
				VALID_ARCHS = x86_64;
			};
			name = Release;
		};
/* End XCBuildConfiguration section */

/* Begin XCConfigurationList section */
		A893C29509BD8F17000B6D38 /* Build configuration list for PBXNativeTarget "Random" */ = {
			isa = XCConfigurationList;
			buildConfigurations = (
				A893C29609BD8F17000B6D38 /* Debug */,
				A893C29709BD8F17000B6D38 /* Release */,
			);
			defaultConfigurationIsVisible = 0;
			defaultConfigurationName = Release;
		};
		A893C29909BD8F17000B6D38 /* Build configuration list for PBXProject "Random" */ = {
			isa = XCConfigurationList;
			buildConfigurations = (
				A893C29A09BD8F17000B6D38 /* Debug */,
				A893C29B09BD8F17000B6D38 /* Release */,
			);
			defaultConfigurationIsVisible = 0;
			defaultConfigurationName = Release;
		};
/* End XCConfigurationList section */
	};
	rootObject = 089C1669FE841209C02AAC07 /* Project object */;
}
