// !$*UTF8*$!
{
	archiveVersion = 1;
	classes = {
	};
	objectVersion = 50;
	objects = {

/* Begin PBXBuildFile section */
		186FF4B5279BDD09004586B2 /* roboHumanMatting.h in Headers */ = {isa = PBXBuildFile; fileRef = 186FF4B3279BDD09004586B2 /* roboHumanMatting.h */; settings = {ATTRIBUTES = (Public, ); }; };
		186FF4C0279BDEC5004586B2 /* robustVideoMatting.m in Sources */ = {isa = PBXBuildFile; fileRef = 186FF4BE279BDEC5004586B2 /* robustVideoMatting.m */; };
		186FF4C3279BE038004586B2 /* rvm_mobilenetv3_1280x720_s0_375_fp16.mlmodel in Sources */ = {isa = PBXBuildFile; fileRef = 186FF4C2279BE038004586B2 /* rvm_mobilenetv3_1280x720_s0_375_fp16.mlmodel */; };
/* End PBXBuildFile section */

/* Begin PBXContainerItemProxy section */
		181C9B0C279CF2D600B71285 /* PBXContainerItemProxy */ = {
			isa = PBXContainerItemProxy;
			containerPortal = 181C9B08279CF2D500B71285 /* roboHumanMattingTest.xcodeproj */;
			proxyType = 2;
			remoteGlobalIDString = 181C9AFE279CF2D500B71285;
			remoteInfo = roboHumanMattingTest;
		};
/* End PBXContainerItemProxy section */

/* Begin PBXFileReference section */
		181C9B08279CF2D500B71285 /* roboHumanMattingTest.xcodeproj */ = {isa = PBXFileReference; lastKnownFileType = "wrapper.pb-project"; name = roboHumanMattingTest.xcodeproj; path = ../../roboHumanMattingTest/roboHumanMattingTest.xcodeproj; sourceTree = "<group>"; };
		186FF4B0279BDD08004586B2 /* roboHumanMatting.framework */ = {isa = PBXFileReference; explicitFileType = wrapper.framework; includeInIndex = 0; path = roboHumanMatting.framework; sourceTree = BUILT_PRODUCTS_DIR; };
		186FF4B3279BDD09004586B2 /* roboHumanMatting.h */ = {isa = PBXFileReference; lastKnownFileType = sourcecode.c.h; path = roboHumanMatting.h; sourceTree = "<group>"; };
		186FF4B4279BDD09004586B2 /* Info.plist */ = {isa = PBXFileReference; lastKnownFileType = text.plist.xml; path = Info.plist; sourceTree = "<group>"; };
		186FF4BE279BDEC5004586B2 /* robustVideoMatting.m */ = {isa = PBXFileReference; lastKnownFileType = sourcecode.c.objc; path = robustVideoMatting.m; sourceTree = "<group>"; };
		186FF4C2279BE038004586B2 /* rvm_mobilenetv3_1280x720_s0_375_fp16.mlmodel */ = {isa = PBXFileReference; lastKnownFileType = file.mlmodel; path = rvm_mobilenetv3_1280x720_s0_375_fp16.mlmodel; sourceTree = "<group>"; };
/* End PBXFileReference section */

/* Begin PBXFrameworksBuildPhase section */
		186FF4AD279BDD08004586B2 /* Frameworks */ = {
			isa = PBXFrameworksBuildPhase;
			buildActionMask = 2147483647;
			files = (
			);
			runOnlyForDeploymentPostprocessing = 0;
		};
/* End PBXFrameworksBuildPhase section */

/* Begin PBXGroup section */
		181C9B09279CF2D500B71285 /* Products */ = {
			isa = PBXGroup;
			children = (
				181C9B0D279CF2D600B71285 /* roboHumanMattingTest */,
			);
			name = Products;
			sourceTree = "<group>";
		};
		186FF4A6279BDD08004586B2 = {
			isa = PBXGroup;
			children = (
				186FF4B2279BDD08004586B2 /* roboHumanMatting */,
				186FF4B1279BDD08004586B2 /* Products */,
			);
			sourceTree = "<group>";
		};
		186FF4B1279BDD08004586B2 /* Products */ = {
			isa = PBXGroup;
			children = (
				186FF4B0279BDD08004586B2 /* roboHumanMatting.framework */,
			);
			name = Products;
			sourceTree = "<group>";
		};
		186FF4B2279BDD08004586B2 /* roboHumanMatting */ = {
			isa = PBXGroup;
			children = (
				181C9B08279CF2D500B71285 /* roboHumanMattingTest.xcodeproj */,
				186FF4C2279BE038004586B2 /* rvm_mobilenetv3_1280x720_s0_375_fp16.mlmodel */,
				186FF4B3279BDD09004586B2 /* roboHumanMatting.h */,
				186FF4BE279BDEC5004586B2 /* robustVideoMatting.m */,
				186FF4B4279BDD09004586B2 /* Info.plist */,
			);
			path = roboHumanMatting;
			sourceTree = "<group>";
		};
/* End PBXGroup section */

/* Begin PBXHeadersBuildPhase section */
		186FF4AB279BDD08004586B2 /* Headers */ = {
			isa = PBXHeadersBuildPhase;
			buildActionMask = 2147483647;
			files = (
				186FF4B5279BDD09004586B2 /* roboHumanMatting.h in Headers */,
			);
			runOnlyForDeploymentPostprocessing = 0;
		};
/* End PBXHeadersBuildPhase section */

/* Begin PBXNativeTarget section */
		186FF4AF279BDD08004586B2 /* roboHumanMatting */ = {
			isa = PBXNativeTarget;
			buildConfigurationList = 186FF4B8279BDD09004586B2 /* Build configuration list for PBXNativeTarget "roboHumanMatting" */;
			buildPhases = (
				186FF4AB279BDD08004586B2 /* Headers */,
				186FF4AC279BDD08004586B2 /* Sources */,
				186FF4AD279BDD08004586B2 /* Frameworks */,
				186FF4AE279BDD08004586B2 /* Resources */,
			);
			buildRules = (
			);
			dependencies = (
			);
			name = roboHumanMatting;
			productName = roboHumanMatting;
			productReference = 186FF4B0279BDD08004586B2 /* roboHumanMatting.framework */;
			productType = "com.apple.product-type.framework";
		};
/* End PBXNativeTarget section */

/* Begin PBXProject section */
		186FF4A7279BDD08004586B2 /* Project object */ = {
			isa = PBXProject;
			attributes = {
				LastUpgradeCheck = 1220;
				TargetAttributes = {
					186FF4AF279BDD08004586B2 = {
						CreatedOnToolsVersion = 12.2;
					};
				};
			};
			buildConfigurationList = 186FF4AA279BDD08004586B2 /* Build configuration list for PBXProject "roboHumanMatting" */;
			compatibilityVersion = "Xcode 9.3";
			developmentRegion = en;
			hasScannedForEncodings = 0;
			knownRegions = (
				en,
				Base,
			);
			mainGroup = 186FF4A6279BDD08004586B2;
			productRefGroup = 186FF4B1279BDD08004586B2 /* Products */;
			projectDirPath = "";
			projectReferences = (
				{
					ProductGroup = 181C9B09279CF2D500B71285 /* Products */;
					ProjectRef = 181C9B08279CF2D500B71285 /* roboHumanMattingTest.xcodeproj */;
				},
			);
			projectRoot = "";
			targets = (
				186FF4AF279BDD08004586B2 /* roboHumanMatting */,
			);
		};
/* End PBXProject section */

/* Begin PBXReferenceProxy section */
		181C9B0D279CF2D600B71285 /* roboHumanMattingTest */ = {
			isa = PBXReferenceProxy;
			fileType = "compiled.mach-o.executable";
			path = roboHumanMattingTest;
			remoteRef = 181C9B0C279CF2D600B71285 /* PBXContainerItemProxy */;
			sourceTree = BUILT_PRODUCTS_DIR;
		};
/* End PBXReferenceProxy section */

/* Begin PBXResourcesBuildPhase section */
		186FF4AE279BDD08004586B2 /* Resources */ = {
			isa = PBXResourcesBuildPhase;
			buildActionMask = 2147483647;
			files = (
			);
			runOnlyForDeploymentPostprocessing = 0;
		};
/* End PBXResourcesBuildPhase section */

/* Begin PBXSourcesBuildPhase section */
		186FF4AC279BDD08004586B2 /* Sources */ = {
			isa = PBXSourcesBuildPhase;
			buildActionMask = 2147483647;
			files = (
				186FF4C3279BE038004586B2 /* rvm_mobilenetv3_1280x720_s0_375_fp16.mlmodel in Sources */,
				186FF4C0279BDEC5004586B2 /* robustVideoMatting.m in Sources */,
			);
			runOnlyForDeploymentPostprocessing = 0;
		};
/* End PBXSourcesBuildPhase section */

/* Begin XCBuildConfiguration section */
		186FF4B6279BDD09004586B2 /* Debug */ = {
			isa = XCBuildConfiguration;
			buildSettings = {
				ALWAYS_SEARCH_USER_PATHS = NO;
				CLANG_ANALYZER_NONNULL = YES;
				CLANG_ANALYZER_NUMBER_OBJECT_CONVERSION = YES_AGGRESSIVE;
				CLANG_CXX_LANGUAGE_STANDARD = "gnu++14";
				CLANG_CXX_LIBRARY = "libc++";
				CLANG_ENABLE_MODULES = YES;
				CLANG_ENABLE_OBJC_ARC = YES;
				CLANG_ENABLE_OBJC_WEAK = YES;
				CLANG_WARN_BLOCK_CAPTURE_AUTORELEASING = YES;
				CLANG_WARN_BOOL_CONVERSION = YES;
				CLANG_WARN_COMMA = YES;
				CLANG_WARN_CONSTANT_CONVERSION = YES;
				CLANG_WARN_DEPRECATED_OBJC_IMPLEMENTATIONS = YES;
				CLANG_WARN_DIRECT_OBJC_ISA_USAGE = YES_ERROR;
				CLANG_WARN_DOCUMENTATION_COMMENTS = YES;
				CLANG_WARN_EMPTY_BODY = YES;
				CLANG_WARN_ENUM_CONVERSION = YES;
				CLANG_WARN_INFINITE_RECURSION = YES;
				CLANG_WARN_INT_CONVERSION = YES;
				CLANG_WARN_NON_LITERAL_NULL_CONVERSION = YES;
				CLANG_WARN_OBJC_IMPLICIT_RETAIN_SELF = YES;
				CLANG_WARN_OBJC_LITERAL_CONVERSION = YES;
				CLANG_WARN_OBJC_ROOT_CLASS = YES_ERROR;
				CLANG_WARN_QUOTED_INCLUDE_IN_FRAMEWORK_HEADER = YES;
				CLANG_WARN_RANGE_LOOP_ANALYSIS = YES;
				CLANG_WARN_STRICT_PROTOTYPES = YES;
				CLANG_WARN_SUSPICIOUS_MOVE = YES;
				CLANG_WARN_UNGUARDED_AVAILABILITY = YES_AGGRESSIVE;
				CLANG_WARN_UNREACHABLE_CODE = YES;
				CLANG_WARN__DUPLICATE_METHOD_MATCH = YES;
				COPY_PHASE_STRIP = NO;
				CURRENT_PROJECT_VERSION = 1;
				DEBUG_INFORMATION_FORMAT = dwarf;
				ENABLE_STRICT_OBJC_MSGSEND = YES;
				ENABLE_TESTABILITY = YES;
				GCC_C_LANGUAGE_STANDARD = gnu11;
				GCC_DYNAMIC_NO_PIC = NO;
				GCC_NO_COMMON_BLOCKS = YES;
				GCC_OPTIMIZATION_LEVEL = 0;
				GCC_PREPROCESSOR_DEFINITIONS = (
					"DEBUG=1",
					"$(inherited)",
				);
				GCC_WARN_64_TO_32_BIT_CONVERSION = YES;
				GCC_WARN_ABOUT_RETURN_TYPE = YES_ERROR;
				GCC_WARN_UNDECLARED_SELECTOR = YES;
				GCC_WARN_UNINITIALIZED_AUTOS = YES_AGGRESSIVE;
				GCC_WARN_UNUSED_FUNCTION = YES;
				GCC_WARN_UNUSED_VARIABLE = YES;
				MACOSX_DEPLOYMENT_TARGET = 10.15;
				MTL_ENABLE_DEBUG_INFO = INCLUDE_SOURCE;
				MTL_FAST_MATH = YES;
				ONLY_ACTIVE_ARCH = YES;
				SDKROOT = macosx;
				VERSIONING_SYSTEM = "apple-generic";
				VERSION_INFO_PREFIX = "";
			};
			name = Debug;
		};
		186FF4B7279BDD09004586B2 /* Release */ = {
			isa = XCBuildConfiguration;
			buildSettings = {
				ALWAYS_SEARCH_USER_PATHS = NO;
				CLANG_ANALYZER_NONNULL = YES;
				CLANG_ANALYZER_NUMBER_OBJECT_CONVERSION = YES_AGGRESSIVE;
				CLANG_CXX_LANGUAGE_STANDARD = "gnu++14";
				CLANG_CXX_LIBRARY = "libc++";
				CLANG_ENABLE_MODULES = YES;
				CLANG_ENABLE_OBJC_ARC = YES;
				CLANG_ENABLE_OBJC_WEAK = YES;
				CLANG_WARN_BLOCK_CAPTURE_AUTORELEASING = YES;
				CLANG_WARN_BOOL_CONVERSION = YES;
				CLANG_WARN_COMMA = YES;
				CLANG_WARN_CONSTANT_CONVERSION = YES;
				CLANG_WARN_DEPRECATED_OBJC_IMPLEMENTATIONS = YES;
				CLANG_WARN_DIRECT_OBJC_ISA_USAGE = YES_ERROR;
				CLANG_WARN_DOCUMENTATION_COMMENTS = YES;
				CLANG_WARN_EMPTY_BODY = YES;
				CLANG_WARN_ENUM_CONVERSION = YES;
				CLANG_WARN_INFINITE_RECURSION = YES;
				CLANG_WARN_INT_CONVERSION = YES;
				CLANG_WARN_NON_LITERAL_NULL_CONVERSION = YES;
				CLANG_WARN_OBJC_IMPLICIT_RETAIN_SELF = YES;
				CLANG_WARN_OBJC_LITERAL_CONVERSION = YES;
				CLANG_WARN_OBJC_ROOT_CLASS = YES_ERROR;
				CLANG_WARN_QUOTED_INCLUDE_IN_FRAMEWORK_HEADER = YES;
				CLANG_WARN_RANGE_LOOP_ANALYSIS = YES;
				CLANG_WARN_STRICT_PROTOTYPES = YES;
				CLANG_WARN_SUSPICIOUS_MOVE = YES;
				CLANG_WARN_UNGUARDED_AVAILABILITY = YES_AGGRESSIVE;
				CLANG_WARN_UNREACHABLE_CODE = YES;
				CLANG_WARN__DUPLICATE_METHOD_MATCH = YES;
				COPY_PHASE_STRIP = NO;
				CURRENT_PROJECT_VERSION = 1;
				DEBUG_INFORMATION_FORMAT = "dwarf-with-dsym";
				ENABLE_NS_ASSERTIONS = NO;
				ENABLE_STRICT_OBJC_MSGSEND = YES;
				GCC_C_LANGUAGE_STANDARD = gnu11;
				GCC_NO_COMMON_BLOCKS = YES;
				GCC_WARN_64_TO_32_BIT_CONVERSION = YES;
				GCC_WARN_ABOUT_RETURN_TYPE = YES_ERROR;
				GCC_WARN_UNDECLARED_SELECTOR = YES;
				GCC_WARN_UNINITIALIZED_AUTOS = YES_AGGRESSIVE;
				GCC_WARN_UNUSED_FUNCTION = YES;
				GCC_WARN_UNUSED_VARIABLE = YES;
				MACOSX_DEPLOYMENT_TARGET = 10.15;
				MTL_ENABLE_DEBUG_INFO = NO;
				MTL_FAST_MATH = YES;
				SDKROOT = macosx;
				VERSIONING_SYSTEM = "apple-generic";
				VERSION_INFO_PREFIX = "";
			};
			name = Release;
		};
		186FF4B9279BDD09004586B2 /* Debug */ = {
			isa = XCBuildConfiguration;
			buildSettings = {
				CODE_SIGN_STYLE = Automatic;
				COMBINE_HIDPI_IMAGES = YES;
				DEFINES_MODULE = YES;
				DYLIB_COMPATIBILITY_VERSION = 1;
				DYLIB_CURRENT_VERSION = 1;
				DYLIB_INSTALL_NAME_BASE = "@rpath";
				INFOPLIST_FILE = roboHumanMatting/Info.plist;
				INSTALL_PATH = "$(LOCAL_LIBRARY_DIR)/Frameworks";
				LD_RUNPATH_SEARCH_PATHS = (
					"$(inherited)",
					"@executable_path/../Frameworks",
					"@loader_path/Frameworks",
				);
				PRODUCT_BUNDLE_IDENTIFIER = ef.roboHumanMatting;
				PRODUCT_NAME = "$(TARGET_NAME:c99extidentifier)";
				SKIP_INSTALL = YES;
			};
			name = Debug;
		};
		186FF4BA279BDD09004586B2 /* Release */ = {
			isa = XCBuildConfiguration;
			buildSettings = {
				CODE_SIGN_STYLE = Automatic;
				COMBINE_HIDPI_IMAGES = YES;
				DEFINES_MODULE = YES;
				DYLIB_COMPATIBILITY_VERSION = 1;
				DYLIB_CURRENT_VERSION = 1;
				DYLIB_INSTALL_NAME_BASE = "@rpath";
				INFOPLIST_FILE = roboHumanMatting/Info.plist;
				INSTALL_PATH = "$(LOCAL_LIBRARY_DIR)/Frameworks";
				LD_RUNPATH_SEARCH_PATHS = (
					"$(inherited)",
					"@executable_path/../Frameworks",
					"@loader_path/Frameworks",
				);
				PRODUCT_BUNDLE_IDENTIFIER = ef.roboHumanMatting;
				PRODUCT_NAME = "$(TARGET_NAME:c99extidentifier)";
				SKIP_INSTALL = YES;
			};
			name = Release;
		};
/* End XCBuildConfiguration section */

/* Begin XCConfigurationList section */
		186FF4AA279BDD08004586B2 /* Build configuration list for PBXProject "roboHumanMatting" */ = {
			isa = XCConfigurationList;
			buildConfigurations = (
				186FF4B6279BDD09004586B2 /* Debug */,
				186FF4B7279BDD09004586B2 /* Release */,
			);
			defaultConfigurationIsVisible = 0;
			defaultConfigurationName = Release;
		};
		186FF4B8279BDD09004586B2 /* Build configuration list for PBXNativeTarget "roboHumanMatting" */ = {
			isa = XCConfigurationList;
			buildConfigurations = (
				186FF4B9279BDD09004586B2 /* Debug */,
				186FF4BA279BDD09004586B2 /* Release */,
			);
			defaultConfigurationIsVisible = 0;
			defaultConfigurationName = Release;
		};
/* End XCConfigurationList section */
	};
	rootObject = 186FF4A7279BDD08004586B2 /* Project object */;
}
